
Microsoft Visual Studio Solution File, Format Version 12.00
# Visual Studio 15
VisualStudioVersion = 15.0.28010.2019
MinimumVisualStudioVersion = 10.0.40219.1
Project("{FAE04EC0-301F-11D3-BF4B-00C04F79EFBC}") = "MVCround2", "MVCround2\MVCround2.csproj", "{22E90EC5-DBE3-4B38-BEFF-359386B0ADD1}"
EndProject
Global
	GlobalSection(SolutionConfigurationPlatforms) = preSolution
		Debug|Any CPU = Debug|Any CPU
		Release|Any CPU = Release|Any CPU
	EndGlobalSection
	GlobalSection(ProjectConfigurationPlatforms) = postSolution
		{22E90EC5-DBE3-4B38-BEFF-359386B0ADD1}.Debug|Any CPU.ActiveCfg = Debug|Any CPU
		{22E90EC5-DBE3-4B38-BEFF-359386B0ADD1}.Debug|Any CPU.Build.0 = Debug|Any CPU
		{22E90EC5-DBE3-4B38-BEFF-359386B0ADD1}.Release|Any CPU.ActiveCfg = Release|Any CPU
		{22E90EC5-DBE3-4B38-BEFF-359386B0ADD1}.Release|Any CPU.Build.0 = Release|Any CPU
	EndGlobalSection
	GlobalSection(SolutionProperties) = preSolution
		HideSolutionNode = FALSE
	EndGlobalSection
	GlobalSection(ExtensibilityGlobals) = postSolution
		SolutionGuid = {01305D5F-ADB4-4AA0-AD7B-FBB8F9DE9703}
	EndGlobalSection
EndGlobal
